
Microsoft Visual Studio Solution File, Format Version 12.00
# Visual Studio Version 16
VisualStudioVersion = 16.0.31025.194
MinimumVisualStudioVersion = 10.0.40219.1
Project("{2150E333-8FDC-42A3-9474-1A3956D46DE8}") = "01.Clients", "01.Clients", "{89D61B0A-A89D-445C-ACFB-4AB98A157A56}"
EndProject
Project("{2150E333-8FDC-42A3-9474-1A3956D46DE8}") = "02.Api.Gateways", "02.Api.Gateways", "{EF0CFA17-464C-4CA2-A35D-49D95E450A58}"
EndProject
Project("{2150E333-8FDC-42A3-9474-1A3956D46DE8}") = "03.Services", "03.Services", "{FAC61862-ADB8-4481-8315-3B0AFAC4D968}"
EndProject
Project("{2150E333-8FDC-42A3-9474-1A3956D46DE8}") = "01.Identity", "01.Identity", "{453BA0A5-C2CD-40DB-8DA2-A77F7654866C}"
EndProject
Project("{2150E333-8FDC-42A3-9474-1A3956D46DE8}") = "02.Catalog", "02.Catalog", "{FBF59271-7DA6-40E0-A9B8-0347191E8379}"
EndProject
Project("{2150E333-8FDC-42A3-9474-1A3956D46DE8}") = "03.Customer", "03.Customer", "{ED6B6C9B-F4AA-43B5-8752-2AC4632A508F}"
EndProject
Project("{2150E333-8FDC-42A3-9474-1A3956D46DE8}") = "04.Order", "04.Order", "{B09C4D85-A0F5-4EF9-ACF9-DC89F806565F}"
EndProject
Project("{2150E333-8FDC-42A3-9474-1A3956D46DE8}") = "04.Common", "04.Common", "{63DAC97A-538B-4CA5-B1ED-ECA0F256F9F8}"
EndProject
Project("{9A19103F-16F7-4668-BE54-9A1E7A4F7556}") = "Catalog.Api", "src\Services\Catalog\Catalog.Api\Catalog.Api.csproj", "{1A8AF7AB-4A4F-4608-93AB-E6BA51374E04}"
EndProject
Project("{2150E333-8FDC-42A3-9474-1A3956D46DE8}") = "01.API", "01.API", "{C2B7D41D-6832-4EA4-AFD5-9F2E8A302A7A}"
EndProject
Project("{2150E333-8FDC-42A3-9474-1A3956D46DE8}") = "02.Services", "02.Services", "{64CC16AC-E496-4DFD-89EB-552409181412}"
EndProject
Project("{2150E333-8FDC-42A3-9474-1A3956D46DE8}") = "03.Persistence", "03.Persistence", "{5CEF69F1-9041-4C10-BCB0-5E878F876238}"
EndProject
Project("{2150E333-8FDC-42A3-9474-1A3956D46DE8}") = "04.Models", "04.Models", "{6C3FCE0F-FECD-4FF6-A3E9-AD56E7CDA640}"
EndProject
Project("{2150E333-8FDC-42A3-9474-1A3956D46DE8}") = "05.Common", "05.Common", "{29D35F10-0E30-4D79-B5F0-975B2C251342}"
EndProject
Project("{2150E333-8FDC-42A3-9474-1A3956D46DE8}") = "06.Testing", "06.Testing", "{B7A19125-4630-4DEA-BCB7-0D9E8F483FDD}"
EndProject
Project("{2150E333-8FDC-42A3-9474-1A3956D46DE8}") = "01.API", "01.API", "{A6E99735-37FB-4A34-8293-0831D5B96D25}"
EndProject
Project("{2150E333-8FDC-42A3-9474-1A3956D46DE8}") = "02.Services", "02.Services", "{BFD27422-633B-4512-9D09-DDC21D4E120F}"
EndProject
Project("{2150E333-8FDC-42A3-9474-1A3956D46DE8}") = "03.Persistence", "03.Persistence", "{F1FB0238-7FEB-4539-8445-5C6465C930D2}"
EndProject
Project("{2150E333-8FDC-42A3-9474-1A3956D46DE8}") = "04.Models", "04.Models", "{4EE09DDD-9B13-43D0-A6EE-7FE63827A3DF}"
EndProject
Project("{2150E333-8FDC-42A3-9474-1A3956D46DE8}") = "05.Testing", "05.Testing", "{41C6D317-DC38-441C-AABF-98A5E51FBE9E}"
EndProject
Project("{2150E333-8FDC-42A3-9474-1A3956D46DE8}") = "01.API", "01.API", "{1CF9244D-1435-40CB-83D3-82266165926B}"
EndProject
Project("{2150E333-8FDC-42A3-9474-1A3956D46DE8}") = "02.Services", "02.Services", "{DB998E39-2874-4147-BAE2-285A2A23084C}"
EndProject
Project("{2150E333-8FDC-42A3-9474-1A3956D46DE8}") = "03.Persistence", "03.Persistence", "{A275AC38-A6B1-4E6D-9B18-20F48124349D}"
EndProject
Project("{2150E333-8FDC-42A3-9474-1A3956D46DE8}") = "04.Models", "04.Models", "{7A397F64-97E5-457F-9DE6-FB42DF4C1B37}"
EndProject
Project("{2150E333-8FDC-42A3-9474-1A3956D46DE8}") = "05.Testing", "05.Testing", "{07423455-CADE-4D00-9A71-0C3582B4F690}"
EndProject
Project("{2150E333-8FDC-42A3-9474-1A3956D46DE8}") = "01.API", "01.API", "{866AA664-A45C-4C35-AAC2-5693C222A773}"
EndProject
Project("{2150E333-8FDC-42A3-9474-1A3956D46DE8}") = "02.Services", "02.Services", "{6649E1FE-BEC7-40DB-8F60-52A5FDE99BB9}"
EndProject
Project("{2150E333-8FDC-42A3-9474-1A3956D46DE8}") = "03.Persistence", "03.Persistence", "{1C8EE0EB-8D7E-46CB-9166-4CA74CBADA26}"
EndProject
Project("{2150E333-8FDC-42A3-9474-1A3956D46DE8}") = "04.Models", "04.Models", "{82F450E0-7AC8-4D66-BC5F-BE6CBD6A1D0B}"
EndProject
Project("{2150E333-8FDC-42A3-9474-1A3956D46DE8}") = "05.Common", "05.Common", "{CF382D8C-5E09-4CB7-B58B-32232CBA53B5}"
EndProject
Project("{2150E333-8FDC-42A3-9474-1A3956D46DE8}") = "06.Testing", "06.Testing", "{C98D9B8A-9865-4A37-BF40-167E22A7B882}"
EndProject
Project("{9A19103F-16F7-4668-BE54-9A1E7A4F7556}") = "Catalog.Domain", "src\Services\Catalog\Catalog.Domain\Catalog.Domain.csproj", "{BCF334F1-C9EA-4F40-9B6F-040927545C4E}"
EndProject
Project("{9A19103F-16F7-4668-BE54-9A1E7A4F7556}") = "Catalog.Persistence.DB", "src\Services\Catalog\Catalog.Persistence.DB\Catalog.Persistence.DB.csproj", "{738F7ACF-48D9-46D4-B737-7F6890E038B5}"
EndProject
Project("{9A19103F-16F7-4668-BE54-9A1E7A4F7556}") = "Catalog.Service.Queries", "src\Services\Catalog\Catalog.Service.Queries\Catalog.Service.Queries.csproj", "{E7845434-7E06-4F3D-817B-BEB7202FFBBD}"
EndProject
Project("{2150E333-8FDC-42A3-9474-1A3956D46DE8}") = "Common", "Common", "{6A1B9423-A883-4BC6-98F7-D25F5755A4C8}"
EndProject
Project("{9A19103F-16F7-4668-BE54-9A1E7A4F7556}") = "Service.Common.Collection", "src\Services\Service.Common.Collection\Service.Common.Collection.csproj", "{F2035AE9-F688-4CD9-A042-2A56291355DD}"
EndProject
Project("{9A19103F-16F7-4668-BE54-9A1E7A4F7556}") = "Service.Common.Mapping", "src\Services\Service.Common.Mapping\Service.Common.Mapping.csproj", "{284ADF5C-68FD-41D2-AE89-8D47FBB2906D}"
EndProject
Project("{9A19103F-16F7-4668-BE54-9A1E7A4F7556}") = "Service.Common.Paging", "Service.Common.Paging\Service.Common.Paging.csproj", "{2029C425-A2E7-427B-888E-25C1ABF81B42}"
EndProject
Project("{9A19103F-16F7-4668-BE54-9A1E7A4F7556}") = "Catalog.Service.EH", "src\Services\Catalog\Catalog.Service.EH\Catalog.Service.EH.csproj", "{8BADB0E4-2AA3-4100-BE1B-B9FE125B33E6}"
EndProject
Project("{9A19103F-16F7-4668-BE54-9A1E7A4F7556}") = "Catalog.Common", "src\Services\Catalog\Catalog.Common\Catalog.Common.csproj", "{403586F5-2CB2-4A7A-A191-D71D8AF463D5}"
EndProject
Project("{9A19103F-16F7-4668-BE54-9A1E7A4F7556}") = "Common.Logging", "src\Common\Common.Logging\Common.Logging.csproj", "{68F5EA54-DE69-48DA-8A6E-B232659A9544}"
EndProject
Project("{FAE04EC0-301F-11D3-BF4B-00C04F79EFBC}") = "Catalog.Test", "src\Services\Catalog\Catalog.Test\Catalog.Test.csproj", "{0BDAD4C9-A139-4F0A-AAD5-DAEFCBE874B4}"
EndProject
Project("{FAE04EC0-301F-11D3-BF4B-00C04F79EFBC}") = "Customer.Api", "src\Services\Customer\Customer.Api\Customer.Api.csproj", "{3A8848D8-90B4-4577-9FA2-CB0A99C6E5C5}"
EndProject
Global
	GlobalSection(SolutionConfigurationPlatforms) = preSolution
		Debug|Any CPU = Debug|Any CPU
		Release|Any CPU = Release|Any CPU
	EndGlobalSection
	GlobalSection(ProjectConfigurationPlatforms) = postSolution
		{1A8AF7AB-4A4F-4608-93AB-E6BA51374E04}.Debug|Any CPU.ActiveCfg = Debug|Any CPU
		{1A8AF7AB-4A4F-4608-93AB-E6BA51374E04}.Debug|Any CPU.Build.0 = Debug|Any CPU
		{1A8AF7AB-4A4F-4608-93AB-E6BA51374E04}.Release|Any CPU.ActiveCfg = Release|Any CPU
		{1A8AF7AB-4A4F-4608-93AB-E6BA51374E04}.Release|Any CPU.Build.0 = Release|Any CPU
		{BCF334F1-C9EA-4F40-9B6F-040927545C4E}.Debug|Any CPU.ActiveCfg = Debug|Any CPU
		{BCF334F1-C9EA-4F40-9B6F-040927545C4E}.Debug|Any CPU.Build.0 = Debug|Any CPU
		{BCF334F1-C9EA-4F40-9B6F-040927545C4E}.Release|Any CPU.ActiveCfg = Release|Any CPU
		{BCF334F1-C9EA-4F40-9B6F-040927545C4E}.Release|Any CPU.Build.0 = Release|Any CPU
		{738F7ACF-48D9-46D4-B737-7F6890E038B5}.Debug|Any CPU.ActiveCfg = Debug|Any CPU
		{738F7ACF-48D9-46D4-B737-7F6890E038B5}.Debug|Any CPU.Build.0 = Debug|Any CPU
		{738F7ACF-48D9-46D4-B737-7F6890E038B5}.Release|Any CPU.ActiveCfg = Release|Any CPU
		{738F7ACF-48D9-46D4-B737-7F6890E038B5}.Release|Any CPU.Build.0 = Release|Any CPU
		{E7845434-7E06-4F3D-817B-BEB7202FFBBD}.Debug|Any CPU.ActiveCfg = Debug|Any CPU
		{E7845434-7E06-4F3D-817B-BEB7202FFBBD}.Debug|Any CPU.Build.0 = Debug|Any CPU
		{E7845434-7E06-4F3D-817B-BEB7202FFBBD}.Release|Any CPU.ActiveCfg = Release|Any CPU
		{E7845434-7E06-4F3D-817B-BEB7202FFBBD}.Release|Any CPU.Build.0 = Release|Any CPU
		{F2035AE9-F688-4CD9-A042-2A56291355DD}.Debug|Any CPU.ActiveCfg = Debug|Any CPU
		{F2035AE9-F688-4CD9-A042-2A56291355DD}.Debug|Any CPU.Build.0 = Debug|Any CPU
		{F2035AE9-F688-4CD9-A042-2A56291355DD}.Release|Any CPU.ActiveCfg = Release|Any CPU
		{F2035AE9-F688-4CD9-A042-2A56291355DD}.Release|Any CPU.Build.0 = Release|Any CPU
		{284ADF5C-68FD-41D2-AE89-8D47FBB2906D}.Debug|Any CPU.ActiveCfg = Debug|Any CPU
		{284ADF5C-68FD-41D2-AE89-8D47FBB2906D}.Debug|Any CPU.Build.0 = Debug|Any CPU
		{284ADF5C-68FD-41D2-AE89-8D47FBB2906D}.Release|Any CPU.ActiveCfg = Release|Any CPU
		{284ADF5C-68FD-41D2-AE89-8D47FBB2906D}.Release|Any CPU.Build.0 = Release|Any CPU
		{2029C425-A2E7-427B-888E-25C1ABF81B42}.Debug|Any CPU.ActiveCfg = Debug|Any CPU
		{2029C425-A2E7-427B-888E-25C1ABF81B42}.Debug|Any CPU.Build.0 = Debug|Any CPU
		{2029C425-A2E7-427B-888E-25C1ABF81B42}.Release|Any CPU.ActiveCfg = Release|Any CPU
		{2029C425-A2E7-427B-888E-25C1ABF81B42}.Release|Any CPU.Build.0 = Release|Any CPU
		{8BADB0E4-2AA3-4100-BE1B-B9FE125B33E6}.Debug|Any CPU.ActiveCfg = Debug|Any CPU
		{8BADB0E4-2AA3-4100-BE1B-B9FE125B33E6}.Debug|Any CPU.Build.0 = Debug|Any CPU
		{8BADB0E4-2AA3-4100-BE1B-B9FE125B33E6}.Release|Any CPU.ActiveCfg = Release|Any CPU
		{8BADB0E4-2AA3-4100-BE1B-B9FE125B33E6}.Release|Any CPU.Build.0 = Release|Any CPU
		{403586F5-2CB2-4A7A-A191-D71D8AF463D5}.Debug|Any CPU.ActiveCfg = Debug|Any CPU
		{403586F5-2CB2-4A7A-A191-D71D8AF463D5}.Debug|Any CPU.Build.0 = Debug|Any CPU
		{403586F5-2CB2-4A7A-A191-D71D8AF463D5}.Release|Any CPU.ActiveCfg = Release|Any CPU
		{403586F5-2CB2-4A7A-A191-D71D8AF463D5}.Release|Any CPU.Build.0 = Release|Any CPU
		{68F5EA54-DE69-48DA-8A6E-B232659A9544}.Debug|Any CPU.ActiveCfg = Debug|Any CPU
		{68F5EA54-DE69-48DA-8A6E-B232659A9544}.Debug|Any CPU.Build.0 = Debug|Any CPU
		{68F5EA54-DE69-48DA-8A6E-B232659A9544}.Release|Any CPU.ActiveCfg = Release|Any CPU
		{68F5EA54-DE69-48DA-8A6E-B232659A9544}.Release|Any CPU.Build.0 = Release|Any CPU
		{0BDAD4C9-A139-4F0A-AAD5-DAEFCBE874B4}.Debug|Any CPU.ActiveCfg = Debug|Any CPU
		{0BDAD4C9-A139-4F0A-AAD5-DAEFCBE874B4}.Debug|Any CPU.Build.0 = Debug|Any CPU
		{0BDAD4C9-A139-4F0A-AAD5-DAEFCBE874B4}.Release|Any CPU.ActiveCfg = Release|Any CPU
		{0BDAD4C9-A139-4F0A-AAD5-DAEFCBE874B4}.Release|Any CPU.Build.0 = Release|Any CPU
		{3A8848D8-90B4-4577-9FA2-CB0A99C6E5C5}.Debug|Any CPU.ActiveCfg = Debug|Any CPU
		{3A8848D8-90B4-4577-9FA2-CB0A99C6E5C5}.Debug|Any CPU.Build.0 = Debug|Any CPU
		{3A8848D8-90B4-4577-9FA2-CB0A99C6E5C5}.Release|Any CPU.ActiveCfg = Release|Any CPU
		{3A8848D8-90B4-4577-9FA2-CB0A99C6E5C5}.Release|Any CPU.Build.0 = Release|Any CPU
	EndGlobalSection
	GlobalSection(SolutionProperties) = preSolution
		HideSolutionNode = FALSE
	EndGlobalSection
	GlobalSection(NestedProjects) = preSolution
		{453BA0A5-C2CD-40DB-8DA2-A77F7654866C} = {FAC61862-ADB8-4481-8315-3B0AFAC4D968}
		{FBF59271-7DA6-40E0-A9B8-0347191E8379} = {FAC61862-ADB8-4481-8315-3B0AFAC4D968}
		{ED6B6C9B-F4AA-43B5-8752-2AC4632A508F} = {FAC61862-ADB8-4481-8315-3B0AFAC4D968}
		{B09C4D85-A0F5-4EF9-ACF9-DC89F806565F} = {FAC61862-ADB8-4481-8315-3B0AFAC4D968}
		{1A8AF7AB-4A4F-4608-93AB-E6BA51374E04} = {C2B7D41D-6832-4EA4-AFD5-9F2E8A302A7A}
		{C2B7D41D-6832-4EA4-AFD5-9F2E8A302A7A} = {FBF59271-7DA6-40E0-A9B8-0347191E8379}
		{64CC16AC-E496-4DFD-89EB-552409181412} = {FBF59271-7DA6-40E0-A9B8-0347191E8379}
		{5CEF69F1-9041-4C10-BCB0-5E878F876238} = {FBF59271-7DA6-40E0-A9B8-0347191E8379}
		{6C3FCE0F-FECD-4FF6-A3E9-AD56E7CDA640} = {FBF59271-7DA6-40E0-A9B8-0347191E8379}
		{29D35F10-0E30-4D79-B5F0-975B2C251342} = {FBF59271-7DA6-40E0-A9B8-0347191E8379}
		{B7A19125-4630-4DEA-BCB7-0D9E8F483FDD} = {FBF59271-7DA6-40E0-A9B8-0347191E8379}
		{A6E99735-37FB-4A34-8293-0831D5B96D25} = {453BA0A5-C2CD-40DB-8DA2-A77F7654866C}
		{BFD27422-633B-4512-9D09-DDC21D4E120F} = {453BA0A5-C2CD-40DB-8DA2-A77F7654866C}
		{F1FB0238-7FEB-4539-8445-5C6465C930D2} = {453BA0A5-C2CD-40DB-8DA2-A77F7654866C}
		{4EE09DDD-9B13-43D0-A6EE-7FE63827A3DF} = {453BA0A5-C2CD-40DB-8DA2-A77F7654866C}
		{41C6D317-DC38-441C-AABF-98A5E51FBE9E} = {453BA0A5-C2CD-40DB-8DA2-A77F7654866C}
		{1CF9244D-1435-40CB-83D3-82266165926B} = {ED6B6C9B-F4AA-43B5-8752-2AC4632A508F}
		{DB998E39-2874-4147-BAE2-285A2A23084C} = {ED6B6C9B-F4AA-43B5-8752-2AC4632A508F}
		{A275AC38-A6B1-4E6D-9B18-20F48124349D} = {ED6B6C9B-F4AA-43B5-8752-2AC4632A508F}
		{7A397F64-97E5-457F-9DE6-FB42DF4C1B37} = {ED6B6C9B-F4AA-43B5-8752-2AC4632A508F}
		{07423455-CADE-4D00-9A71-0C3582B4F690} = {ED6B6C9B-F4AA-43B5-8752-2AC4632A508F}
		{866AA664-A45C-4C35-AAC2-5693C222A773} = {B09C4D85-A0F5-4EF9-ACF9-DC89F806565F}
		{6649E1FE-BEC7-40DB-8F60-52A5FDE99BB9} = {B09C4D85-A0F5-4EF9-ACF9-DC89F806565F}
		{1C8EE0EB-8D7E-46CB-9166-4CA74CBADA26} = {B09C4D85-A0F5-4EF9-ACF9-DC89F806565F}
		{82F450E0-7AC8-4D66-BC5F-BE6CBD6A1D0B} = {B09C4D85-A0F5-4EF9-ACF9-DC89F806565F}
		{CF382D8C-5E09-4CB7-B58B-32232CBA53B5} = {B09C4D85-A0F5-4EF9-ACF9-DC89F806565F}
		{C98D9B8A-9865-4A37-BF40-167E22A7B882} = {B09C4D85-A0F5-4EF9-ACF9-DC89F806565F}
		{BCF334F1-C9EA-4F40-9B6F-040927545C4E} = {6C3FCE0F-FECD-4FF6-A3E9-AD56E7CDA640}
		{738F7ACF-48D9-46D4-B737-7F6890E038B5} = {5CEF69F1-9041-4C10-BCB0-5E878F876238}
		{E7845434-7E06-4F3D-817B-BEB7202FFBBD} = {64CC16AC-E496-4DFD-89EB-552409181412}
		{6A1B9423-A883-4BC6-98F7-D25F5755A4C8} = {FAC61862-ADB8-4481-8315-3B0AFAC4D968}
		{F2035AE9-F688-4CD9-A042-2A56291355DD} = {6A1B9423-A883-4BC6-98F7-D25F5755A4C8}
		{284ADF5C-68FD-41D2-AE89-8D47FBB2906D} = {6A1B9423-A883-4BC6-98F7-D25F5755A4C8}
		{2029C425-A2E7-427B-888E-25C1ABF81B42} = {6A1B9423-A883-4BC6-98F7-D25F5755A4C8}
		{8BADB0E4-2AA3-4100-BE1B-B9FE125B33E6} = {64CC16AC-E496-4DFD-89EB-552409181412}
		{403586F5-2CB2-4A7A-A191-D71D8AF463D5} = {29D35F10-0E30-4D79-B5F0-975B2C251342}
		{68F5EA54-DE69-48DA-8A6E-B232659A9544} = {63DAC97A-538B-4CA5-B1ED-ECA0F256F9F8}
		{0BDAD4C9-A139-4F0A-AAD5-DAEFCBE874B4} = {B7A19125-4630-4DEA-BCB7-0D9E8F483FDD}
		{3A8848D8-90B4-4577-9FA2-CB0A99C6E5C5} = {1CF9244D-1435-40CB-83D3-82266165926B}
	EndGlobalSection
	GlobalSection(ExtensibilityGlobals) = postSolution
		SolutionGuid = {D3496436-2FFB-49C0-9049-BC678AE5565C}
	EndGlobalSection
EndGlobal
